{
	"name": "demo",
	"version": "1.0.0",
	"lockfileVersion": 2,
	"requires": true,
	"packages": {
		"": {
			"name": "demo",
			"version": "1.0.0",
			"license": "Apache-2.0",
			"devDependencies": {
				"@labor-digital/asset-building": "file:../.."
			}
		},
		"../..": {
			"version": "9.0.0-rc.12",
			"dev": true,
			"license": "Apache-2.0",
			"dependencies": {
				"@labor-digital/helferlein": "4.4.1",
				"@labor-digital/ssl-certs": "^1.2.0",
				"autoprefixer": "10.4.2",
				"chalk": "4.1.0",
				"ci-info": "^3.3.0",
				"clean-webpack-plugin": "4.0.0",
				"commander": "^7.2.0",
				"copy-webpack-plugin": "10.2.0",
				"core-js": "3.20.3",
				"css-loader": "5.2.3",
				"css-minimizer-webpack-plugin": "^1.3.0",
				"exports-loader": "2.0.0",
				"fork-ts-checker-webpack-plugin": "^6.5.0",
				"html-loader": "2.1.2",
				"html-webpack-plugin": "5.5.0",
				"iconfont-webpack-plugin": "^5.0.1",
				"image-webpack-loader": "7.0.1",
				"imports-loader": "2.0.0",
				"inquirer": "^8.2.0",
				"is-docker": "2.2.1",
				"less": "4.1.2",
				"less-loader": "8.1.1",
				"mini-css-extract-plugin": "1.5.0",
				"mini-svg-data-uri": "^1.4.3",
				"multi-progress-bars": "^3.2.4",
				"node-sass": "5.0.0",
				"portfinder": "^1.0.28",
				"postcss": "^8.4.5",
				"postcss-loader": "5.2.0",
				"source-map-loader": "^2.0.1",
				"style-loader": "^2.0.0",
				"terser-webpack-plugin": "5.3.0",
				"throttle-debounce": "^3.0.1",
				"ts-loader": "9.2.6",
				"typescript": "4.5.4",
				"webpack": "5.66.0",
				"webpack-bundle-analyzer": "4.5.0",
				"webpack-dev-middleware": "^4.1.0",
				"webpack-dev-server": "^3.11.2",
				"webpack-hot-middleware": "^2.25.1",
				"webpack-merge": "5.7.3"
			},
			"bin": {
				"assets": "dist/main.js"
			},
			"devDependencies": {
				"@types/ci-info": "^3.1.0",
				"@types/express": "4.17.13",
				"@types/inquirer": "^7.3.1",
				"@types/node": "14.14.41",
				"@types/node-sass": "^4.11.1",
				"@types/throttle-debounce": "^2.1.0",
				"@types/webpack": "5.28.0",
				"@types/webpack-dev-server": "^3.11.3",
				"rimraf": "^3.0.2"
			}
		},
		"node_modules/@labor-digital/asset-building": {
			"resolved": "../..",
			"link": true
		}
	},
	"dependencies": {
		"@labor-digital/asset-building": {
			"version": "file:../..",
			"requires": {
				"@labor-digital/helferlein": "4.4.1",
				"@labor-digital/ssl-certs": "^1.2.0",
				"@types/ci-info": "^3.1.0",
				"@types/express": "4.17.13",
				"@types/inquirer": "^7.3.1",
				"@types/node": "14.14.41",
				"@types/node-sass": "^4.11.1",
				"@types/throttle-debounce": "^2.1.0",
				"@types/webpack": "5.28.0",
				"@types/webpack-dev-server": "^3.11.3",
				"autoprefixer": "10.4.2",
				"chalk": "4.1.0",
				"ci-info": "^3.3.0",
				"clean-webpack-plugin": "4.0.0",
				"commander": "^7.2.0",
				"copy-webpack-plugin": "10.2.0",
				"core-js": "3.20.3",
				"css-loader": "5.2.3",
				"css-minimizer-webpack-plugin": "^1.3.0",
				"exports-loader": "2.0.0",
				"fork-ts-checker-webpack-plugin": "^6.5.0",
				"html-loader": "2.1.2",
				"html-webpack-plugin": "5.5.0",
				"iconfont-webpack-plugin": "^5.0.1",
				"image-webpack-loader": "7.0.1",
				"imports-loader": "2.0.0",
				"inquirer": "^8.2.0",
				"is-docker": "2.2.1",
				"less": "4.1.2",
				"less-loader": "8.1.1",
				"mini-css-extract-plugin": "1.5.0",
				"mini-svg-data-uri": "^1.4.3",
				"multi-progress-bars": "^3.2.4",
				"node-sass": "5.0.0",
				"portfinder": "^1.0.28",
				"postcss": "^8.4.5",
				"postcss-loader": "5.2.0",
				"rimraf": "^3.0.2",
				"source-map-loader": "^2.0.1",
				"style-loader": "^2.0.0",
				"terser-webpack-plugin": "5.3.0",
				"throttle-debounce": "^3.0.1",
				"ts-loader": "9.2.6",
				"typescript": "4.5.4",
				"webpack": "5.66.0",
				"webpack-bundle-analyzer": "4.5.0",
				"webpack-dev-middleware": "^4.1.0",
				"webpack-dev-server": "^3.11.2",
				"webpack-hot-middleware": "^2.25.1",
				"webpack-merge": "5.7.3"
			}
		}
	}
}
